
Microsoft Visual Studio Solution File, Format Version 12.00
# Visual Studio Version 17
VisualStudioVersion = 17.3.32825.248
MinimumVisualStudioVersion = 10.0.40219.1
Project("{8BC9CEB8-8B4A-11D0-8D11-00A0C91BC942}") = "WS06", "WS06.vcxproj", "{606CC389-4E02-468C-B23F-853DC6EEF219}"
EndProject
Global
	GlobalSection(SolutionConfigurationPlatforms) = preSolution
		Debug|x64 = Debug|x64
		Debug|x86 = Debug|x86
		Release|x64 = Release|x64
		Release|x86 = Release|x86
	EndGlobalSection
	GlobalSection(ProjectConfigurationPlatforms) = postSolution
		{606CC389-4E02-468C-B23F-853DC6EEF219}.Debug|x64.ActiveCfg = Debug|x64
		{606CC389-4E02-468C-B23F-853DC6EEF219}.Debug|x64.Build.0 = Debug|x64
		{606CC389-4E02-468C-B23F-853DC6EEF219}.Debug|x86.ActiveCfg = Debug|Win32
		{606CC389-4E02-468C-B23F-853DC6EEF219}.Debug|x86.Build.0 = Debug|Win32
		{606CC389-4E02-468C-B23F-853DC6EEF219}.Release|x64.ActiveCfg = Release|x64
		{606CC389-4E02-468C-B23F-853DC6EEF219}.Release|x64.Build.0 = Release|x64
		{606CC389-4E02-468C-B23F-853DC6EEF219}.Release|x86.ActiveCfg = Release|Win32
		{606CC389-4E02-468C-B23F-853DC6EEF219}.Release|x86.Build.0 = Release|Win32
	EndGlobalSection
	GlobalSection(SolutionProperties) = preSolution
		HideSolutionNode = FALSE
	EndGlobalSection
	GlobalSection(ExtensibilityGlobals) = postSolution
		SolutionGuid = {ED828C6F-43EF-442C-A6E6-E691DCB8DD39}
	EndGlobalSection
EndGlobal
